Microsoft Visual Studio Solution File, Format Version 12.00
# Visual Studio Version 16
VisualStudioVersion = 16.0.29905.134
MinimumVisualStudioVersion = 10.0.40219.1
Project("{2150E333-8FDC-42A3-9474-1A3956D46DE8}") = "src", "src", "{C2F8FF63-7A48-4179-A720-86206C42F496}"
EndProject
Project("{9A19103F-16F7-4668-BE54-9A1E7A4F7556}") = "ParcelRegistry", "src\ParcelRegistry\ParcelRegistry.csproj", "{077F207C-526E-4733-869C-E664FCCCFE23}"
EndProject
Project("{9A19103F-16F7-4668-BE54-9A1E7A4F7556}") = "ParcelRegistry.Importer.Console", "src\ParcelRegistry.Importer.Console\ParcelRegistry.Importer.Console.csproj", "{CD40F6AE-57A4-4CC5-BC4D-5F291821C57A}"
EndProject
Global
	GlobalSection(SolutionConfigurationPlatforms) = preSolution
		Debug|Any CPU = Debug|Any CPU
		Debug|x64 = Debug|x64
		Debug|x86 = Debug|x86
		Release|Any CPU = Release|Any CPU
		Release|x64 = Release|x64
		Release|x86 = Release|x86
	EndGlobalSection
	GlobalSection(ProjectConfigurationPlatforms) = postSolution
		{077F207C-526E-4733-869C-E664FCCCFE23}.Debug|Any CPU.ActiveCfg = Debug|Any CPU
		{077F207C-526E-4733-869C-E664FCCCFE23}.Debug|Any CPU.Build.0 = Debug|Any CPU
		{077F207C-526E-4733-869C-E664FCCCFE23}.Debug|x64.ActiveCfg = Debug|Any CPU
		{077F207C-526E-4733-869C-E664FCCCFE23}.Debug|x64.Build.0 = Debug|Any CPU
		{077F207C-526E-4733-869C-E664FCCCFE23}.Debug|x86.ActiveCfg = Debug|Any CPU
		{077F207C-526E-4733-869C-E664FCCCFE23}.Debug|x86.Build.0 = Debug|Any CPU
		{077F207C-526E-4733-869C-E664FCCCFE23}.Release|Any CPU.ActiveCfg = Release|Any CPU
		{077F207C-526E-4733-869C-E664FCCCFE23}.Release|Any CPU.Build.0 = Release|Any CPU
		{077F207C-526E-4733-869C-E664FCCCFE23}.Release|x64.ActiveCfg = Release|Any CPU
		{077F207C-526E-4733-869C-E664FCCCFE23}.Release|x64.Build.0 = Release|Any CPU
		{077F207C-526E-4733-869C-E664FCCCFE23}.Release|x86.ActiveCfg = Release|Any CPU
		{077F207C-526E-4733-869C-E664FCCCFE23}.Release|x86.Build.0 = Release|Any CPU
		{CD40F6AE-57A4-4CC5-BC4D-5F291821C57A}.Debug|Any CPU.ActiveCfg = Debug|Any CPU
		{CD40F6AE-57A4-4CC5-BC4D-5F291821C57A}.Debug|Any CPU.Build.0 = Debug|Any CPU
		{CD40F6AE-57A4-4CC5-BC4D-5F291821C57A}.Debug|x64.ActiveCfg = Debug|Any CPU
		{CD40F6AE-57A4-4CC5-BC4D-5F291821C57A}.Debug|x64.Build.0 = Debug|Any CPU
		{CD40F6AE-57A4-4CC5-BC4D-5F291821C57A}.Debug|x86.ActiveCfg = Debug|Any CPU
		{CD40F6AE-57A4-4CC5-BC4D-5F291821C57A}.Debug|x86.Build.0 = Debug|Any CPU
		{CD40F6AE-57A4-4CC5-BC4D-5F291821C57A}.Release|Any CPU.ActiveCfg = Release|Any CPU
		{CD40F6AE-57A4-4CC5-BC4D-5F291821C57A}.Release|Any CPU.Build.0 = Release|Any CPU
		{CD40F6AE-57A4-4CC5-BC4D-5F291821C57A}.Release|x64.ActiveCfg = Release|Any CPU
		{CD40F6AE-57A4-4CC5-BC4D-5F291821C57A}.Release|x64.Build.0 = Release|Any CPU
		{CD40F6AE-57A4-4CC5-BC4D-5F291821C57A}.Release|x86.ActiveCfg = Release|Any CPU
		{CD40F6AE-57A4-4CC5-BC4D-5F291821C57A}.Release|x86.Build.0 = Release|Any CPU
	EndGlobalSection
	GlobalSection(SolutionProperties) = preSolution
		HideSolutionNode = FALSE
	EndGlobalSection
	GlobalSection(NestedProjects) = preSolution
		{077F207C-526E-4733-869C-E664FCCCFE23} = {C2F8FF63-7A48-4179-A720-86206C42F496}
		{CD40F6AE-57A4-4CC5-BC4D-5F291821C57A} = {C2F8FF63-7A48-4179-A720-86206C42F496}
	EndGlobalSection
	GlobalSection(ExtensibilityGlobals) = postSolution
		SolutionGuid = {2EB87445-E263-4E1E-89CC-3839170028E5}
	EndGlobalSection
EndGlobal
