Microsoft Visual Studio Solution File, Format Version 12.00
# Visual Studio 15
VisualStudioVersion = 15.0.27130.2036
MinimumVisualStudioVersion = 10.0.40219.1
Project("{2150E333-8FDC-42A3-9474-1A3956D46DE8}") = "src", "src", "{C2F8FF63-7A48-4179-A720-86206C42F496}"
EndProject
Project("{FAE04EC0-301F-11D3-BF4B-00C04F79EFBC}") = "ParcelRegistry.Importer", "src\ParcelRegistry.Importer\ParcelRegistry.Importer.csproj", "{F7F00E71-9194-4305-B471-DCE81FEEB7AC}"
EndProject
Project("{9A19103F-16F7-4668-BE54-9A1E7A4F7556}") = "ParcelRegistry", "src\ParcelRegistry\ParcelRegistry.csproj", "{077F207C-526E-4733-869C-E664FCCCFE23}"
EndProject
Global
	GlobalSection(SolutionConfigurationPlatforms) = preSolution
		Debug|Any CPU = Debug|Any CPU
		Debug|x64 = Debug|x64
		Debug|x86 = Debug|x86
		Release|Any CPU = Release|Any CPU
		Release|x64 = Release|x64
		Release|x86 = Release|x86
	EndGlobalSection
	GlobalSection(ProjectConfigurationPlatforms) = postSolution
		{F7F00E71-9194-4305-B471-DCE81FEEB7AC}.Debug|Any CPU.ActiveCfg = Debug|Any CPU
		{F7F00E71-9194-4305-B471-DCE81FEEB7AC}.Debug|Any CPU.Build.0 = Debug|Any CPU
		{F7F00E71-9194-4305-B471-DCE81FEEB7AC}.Debug|x64.ActiveCfg = Debug|Any CPU
		{F7F00E71-9194-4305-B471-DCE81FEEB7AC}.Debug|x64.Build.0 = Debug|Any CPU
		{F7F00E71-9194-4305-B471-DCE81FEEB7AC}.Debug|x86.ActiveCfg = Debug|Any CPU
		{F7F00E71-9194-4305-B471-DCE81FEEB7AC}.Debug|x86.Build.0 = Debug|Any CPU
		{F7F00E71-9194-4305-B471-DCE81FEEB7AC}.Release|Any CPU.ActiveCfg = Release|Any CPU
		{F7F00E71-9194-4305-B471-DCE81FEEB7AC}.Release|Any CPU.Build.0 = Release|Any CPU
		{F7F00E71-9194-4305-B471-DCE81FEEB7AC}.Release|x64.ActiveCfg = Release|Any CPU
		{F7F00E71-9194-4305-B471-DCE81FEEB7AC}.Release|x64.Build.0 = Release|Any CPU
		{F7F00E71-9194-4305-B471-DCE81FEEB7AC}.Release|x86.ActiveCfg = Release|Any CPU
		{F7F00E71-9194-4305-B471-DCE81FEEB7AC}.Release|x86.Build.0 = Release|Any CPU
		{077F207C-526E-4733-869C-E664FCCCFE23}.Debug|Any CPU.ActiveCfg = Debug|Any CPU
		{077F207C-526E-4733-869C-E664FCCCFE23}.Debug|Any CPU.Build.0 = Debug|Any CPU
		{077F207C-526E-4733-869C-E664FCCCFE23}.Debug|x64.ActiveCfg = Debug|Any CPU
		{077F207C-526E-4733-869C-E664FCCCFE23}.Debug|x64.Build.0 = Debug|Any CPU
		{077F207C-526E-4733-869C-E664FCCCFE23}.Debug|x86.ActiveCfg = Debug|Any CPU
		{077F207C-526E-4733-869C-E664FCCCFE23}.Debug|x86.Build.0 = Debug|Any CPU
		{077F207C-526E-4733-869C-E664FCCCFE23}.Release|Any CPU.ActiveCfg = Release|Any CPU
		{077F207C-526E-4733-869C-E664FCCCFE23}.Release|Any CPU.Build.0 = Release|Any CPU
		{077F207C-526E-4733-869C-E664FCCCFE23}.Release|x64.ActiveCfg = Release|Any CPU
		{077F207C-526E-4733-869C-E664FCCCFE23}.Release|x64.Build.0 = Release|Any CPU
		{077F207C-526E-4733-869C-E664FCCCFE23}.Release|x86.ActiveCfg = Release|Any CPU
		{077F207C-526E-4733-869C-E664FCCCFE23}.Release|x86.Build.0 = Release|Any CPU
	EndGlobalSection
	GlobalSection(SolutionProperties) = preSolution
		HideSolutionNode = FALSE
	EndGlobalSection
	GlobalSection(NestedProjects) = preSolution
		{F7F00E71-9194-4305-B471-DCE81FEEB7AC} = {C2F8FF63-7A48-4179-A720-86206C42F496}
		{077F207C-526E-4733-869C-E664FCCCFE23} = {C2F8FF63-7A48-4179-A720-86206C42F496}
	EndGlobalSection
	GlobalSection(ExtensibilityGlobals) = postSolution
		SolutionGuid = {2EB87445-E263-4E1E-89CC-3839170028E5}
	EndGlobalSection
EndGlobal
