
Microsoft Visual Studio Solution File, Format Version 12.00
# Visual Studio Version 17
VisualStudioVersion = 17.3.32929.385
MinimumVisualStudioVersion = 10.0.40219.1
Project("{2150E333-8FDC-42A3-9474-1A3956D46DE8}") = "Solution Items", "Solution Items", "{088EB4E2-F6B8-4820-B156-2AA56F419D05}"
	ProjectSection(SolutionItems) = preProject
		.editorconfig = .editorconfig
		.gitattributes = .gitattributes
		.gitignore = .gitignore
		global.json = global.json
		package.json = package.json
		paket.dependencies = paket.dependencies
		README.md = README.md
		SEMVER.md = SEMVER.md
	EndProjectSection
EndProject
Project("{2150E333-8FDC-42A3-9474-1A3956D46DE8}") = "src", "src", "{B483712F-241C-411F-8CC7-D46B3530DF65}"
EndProject
Project("{2150E333-8FDC-42A3-9474-1A3956D46DE8}") = "test", "test", "{DF5FFD7D-3020-4F80-87EF-BE2D2CACD27E}"
EndProject
Project("{2150E333-8FDC-42A3-9474-1A3956D46DE8}") = "docs", "docs", "{A1CB15D5-79AA-4427-9704-7D8A2888E7F1}"
EndProject
Project("{9A19103F-16F7-4668-BE54-9A1E7A4F7556}") = "ParcelRegistry", "src\ParcelRegistry\ParcelRegistry.csproj", "{8FE01FF7-515C-448A-A549-EE56080BE1BA}"
EndProject
Project("{9A19103F-16F7-4668-BE54-9A1E7A4F7556}") = "ParcelRegistry.Api.Legacy", "src\ParcelRegistry.Api.Legacy\ParcelRegistry.Api.Legacy.csproj", "{2343237C-031B-4896-9958-57519E455DE1}"
EndProject
Project("{9A19103F-16F7-4668-BE54-9A1E7A4F7556}") = "ParcelRegistry.Infrastructure", "src\ParcelRegistry.Infrastructure\ParcelRegistry.Infrastructure.csproj", "{1F7349F4-ACAB-4DAC-8476-71736E65FE41}"
EndProject
Project("{9A19103F-16F7-4668-BE54-9A1E7A4F7556}") = "ParcelRegistry.Projections.Legacy", "src\ParcelRegistry.Projections.Legacy\ParcelRegistry.Projections.Legacy.csproj", "{713526B9-1FE5-409E-8754-11B8B50E3BC1}"
EndProject
Project("{9A19103F-16F7-4668-BE54-9A1E7A4F7556}") = "ParcelRegistry.Tests", "test\ParcelRegistry.Tests\ParcelRegistry.Tests.csproj", "{951C912B-E9B2-4941-BE18-C5125FC0D9E6}"
EndProject
Project("{9A19103F-16F7-4668-BE54-9A1E7A4F7556}") = "ParcelRegistry.Projections.LastChangedList", "src\ParcelRegistry.Projections.LastChangedList\ParcelRegistry.Projections.LastChangedList.csproj", "{DF3051A8-F894-487E-9D7F-3E99EA604105}"
EndProject
Project("{9A19103F-16F7-4668-BE54-9A1E7A4F7556}") = "ParcelRegistry.Projections.Extract", "src\ParcelRegistry.Projections.Extract\ParcelRegistry.Projections.Extract.csproj", "{13C4903D-946E-40AA-B838-7BBD2BC2B0A9}"
EndProject
Project("{9A19103F-16F7-4668-BE54-9A1E7A4F7556}") = "ParcelRegistry.Api.Extract", "src\ParcelRegistry.Api.Extract\ParcelRegistry.Api.Extract.csproj", "{D6C29B46-5A92-443F-95CC-6061648EBA49}"
EndProject
Project("{2150E333-8FDC-42A3-9474-1A3956D46DE8}") = "adr", "adr", "{957DE67B-3154-41D8-AC04-2BB1A1F1F445}"
	ProjectSection(SolutionItems) = preProject
		docs\adr\0001-record-architecture-decisions.md = docs\adr\0001-record-architecture-decisions.md
		docs\adr\0002-parcel-import-via-download.md = docs\adr\0002-parcel-import-via-download.md
	EndProjectSection
EndProject
Project("{9A19103F-16F7-4668-BE54-9A1E7A4F7556}") = "ParcelRegistry.Projector", "src\ParcelRegistry.Projector\ParcelRegistry.Projector.csproj", "{3E07F9FB-8272-4D6A-95D5-70CDC60913F0}"
EndProject
Project("{9A19103F-16F7-4668-BE54-9A1E7A4F7556}") = "ParcelRegistry.Api.Oslo", "src\ParcelRegistry.Api.Oslo\ParcelRegistry.Api.Oslo.csproj", "{7E240AFA-8C3A-4060-A071-468D063E85F2}"
EndProject
Project("{9A19103F-16F7-4668-BE54-9A1E7A4F7556}") = "ParcelRegistry.Consumer.Address", "src\ParcelRegistry.Consumer.Address\ParcelRegistry.Consumer.Address.csproj", "{83BAC377-BE1E-449F-996C-F0EABB559639}"
EndProject
Project("{9A19103F-16F7-4668-BE54-9A1E7A4F7556}") = "ParcelRegistry.Api.BackOffice.Abstractions", "src\ParcelRegistry.Api.BackOffice.Abstractions\ParcelRegistry.Api.BackOffice.Abstractions.csproj", "{28E28515-A3EF-4EE9-88DB-5D6FF6CE64C2}"
EndProject
Project("{9A19103F-16F7-4668-BE54-9A1E7A4F7556}") = "ParcelRegistry.Migrator.Parcel", "src\ParcelRegistry.Migrator.Parcel\ParcelRegistry.Migrator.Parcel.csproj", "{B77AE69E-EB2A-48F2-8C0B-E3B989E2C320}"
EndProject
Project("{9A19103F-16F7-4668-BE54-9A1E7A4F7556}") = "ParcelRegistry.Api.BackOffice", "src\ParcelRegistry.Api.BackOffice\ParcelRegistry.Api.BackOffice.csproj", "{1685ADB9-33AB-4127-A0AB-8A80438069DE}"
EndProject
Project("{9A19103F-16F7-4668-BE54-9A1E7A4F7556}") = "ParcelRegistry.Api.BackOffice.Handlers.Lambda", "src\ParcelRegistry.Api.BackOffice.Handlers.Lambda\ParcelRegistry.Api.BackOffice.Handlers.Lambda.csproj", "{7A532536-462B-4511-B275-D6C45EA5B10A}"
EndProject
Project("{9A19103F-16F7-4668-BE54-9A1E7A4F7556}") = "ParcelRegistry.Producer", "src\ParcelRegistry.Producer\ParcelRegistry.Producer.csproj", "{9377B76E-D9E2-4490-954E-AED4BE4D45D4}"
EndProject
Project("{9A19103F-16F7-4668-BE54-9A1E7A4F7556}") = "ParcelRegistry.Producer.Snapshot.Oslo", "src\ParcelRegistry.Producer.Snapshot.Oslo\ParcelRegistry.Producer.Snapshot.Oslo.csproj", "{04548886-8BC7-432C-AF0F-36B69E74AFB1}"
EndProject
Project("{FAE04EC0-301F-11D3-BF4B-00C04F79EFBC}") = "ParcelRegistry.Projections.BackOffice", "src\ParcelRegistry.Projections.BackOffice\ParcelRegistry.Projections.BackOffice.csproj", "{83DCEF96-46FD-4033-BED8-06AA6C48A93C}"
EndProject
Project("{FAE04EC0-301F-11D3-BF4B-00C04F79EFBC}") = "ParcelRegistry.Api.BackOffice.IntegrationTests", "test\ParcelRegistry.Api.BackOffice.IntegrationTests\ParcelRegistry.Api.BackOffice.IntegrationTests.csproj", "{4E485AEE-B32F-496E-93FC-C0487D8DEDD5}"
EndProject
Project("{FAE04EC0-301F-11D3-BF4B-00C04F79EFBC}") = "ParcelRegistry.Importer.Grb", "src\ParcelRegistry.Importer.Grb\ParcelRegistry.Importer.Grb.csproj", "{AD4BFFEF-82F0-4525-8B3C-7595C94262D2}"
EndProject
Project("{FAE04EC0-301F-11D3-BF4B-00C04F79EFBC}") = "ParcelRegistry.Consumer.Address.Console", "src\ParcelRegistry.Consumer.Address.Console\ParcelRegistry.Consumer.Address.Console.csproj", "{4945D68A-59E2-47EA-9E5E-CCAC185B23CB}"
EndProject
Project("{FAE04EC0-301F-11D3-BF4B-00C04F79EFBC}") = "ParcelRegistry.Snapshot.Verifier", "src\ParcelRegistry.Snapshot.Verifier\ParcelRegistry.Snapshot.Verifier.csproj", "{B7B93AE2-3DFA-4906-BF5E-EB7B8E766613}"
EndProject
Project("{FAE04EC0-301F-11D3-BF4B-00C04F79EFBC}") = "ParcelRegistry.Projections.Integration", "src\ParcelRegistry.Projections.Integration\ParcelRegistry.Projections.Integration.csproj", "{599EC60C-EA63-48FF-A9FC-D1B3050B48F2}"
EndProject
Project("{FAE04EC0-301F-11D3-BF4B-00C04F79EFBC}") = "ParcelRegistry.Projections.LastChangedList.Console", "src\ParcelRegistry.Projections.LastChangedList.Console\ParcelRegistry.Projections.LastChangedList.Console.csproj", "{585E2D54-E736-4C11-8084-64A71C5ED7CF}"
EndProject
Global
	GlobalSection(SolutionConfigurationPlatforms) = preSolution
		Debug|Any CPU = Debug|Any CPU
		Release|Any CPU = Release|Any CPU
	EndGlobalSection
	GlobalSection(ProjectConfigurationPlatforms) = postSolution
		{8FE01FF7-515C-448A-A549-EE56080BE1BA}.Debug|Any CPU.ActiveCfg = Debug|Any CPU
		{8FE01FF7-515C-448A-A549-EE56080BE1BA}.Debug|Any CPU.Build.0 = Debug|Any CPU
		{8FE01FF7-515C-448A-A549-EE56080BE1BA}.Release|Any CPU.ActiveCfg = Release|Any CPU
		{8FE01FF7-515C-448A-A549-EE56080BE1BA}.Release|Any CPU.Build.0 = Release|Any CPU
		{2343237C-031B-4896-9958-57519E455DE1}.Debug|Any CPU.ActiveCfg = Debug|Any CPU
		{2343237C-031B-4896-9958-57519E455DE1}.Debug|Any CPU.Build.0 = Debug|Any CPU
		{2343237C-031B-4896-9958-57519E455DE1}.Release|Any CPU.ActiveCfg = Release|Any CPU
		{2343237C-031B-4896-9958-57519E455DE1}.Release|Any CPU.Build.0 = Release|Any CPU
		{1F7349F4-ACAB-4DAC-8476-71736E65FE41}.Debug|Any CPU.ActiveCfg = Debug|Any CPU
		{1F7349F4-ACAB-4DAC-8476-71736E65FE41}.Debug|Any CPU.Build.0 = Debug|Any CPU
		{1F7349F4-ACAB-4DAC-8476-71736E65FE41}.Release|Any CPU.ActiveCfg = Release|Any CPU
		{1F7349F4-ACAB-4DAC-8476-71736E65FE41}.Release|Any CPU.Build.0 = Release|Any CPU
		{713526B9-1FE5-409E-8754-11B8B50E3BC1}.Debug|Any CPU.ActiveCfg = Debug|Any CPU
		{713526B9-1FE5-409E-8754-11B8B50E3BC1}.Debug|Any CPU.Build.0 = Debug|Any CPU
		{713526B9-1FE5-409E-8754-11B8B50E3BC1}.Release|Any CPU.ActiveCfg = Release|Any CPU
		{713526B9-1FE5-409E-8754-11B8B50E3BC1}.Release|Any CPU.Build.0 = Release|Any CPU
		{951C912B-E9B2-4941-BE18-C5125FC0D9E6}.Debug|Any CPU.ActiveCfg = Debug|Any CPU
		{951C912B-E9B2-4941-BE18-C5125FC0D9E6}.Debug|Any CPU.Build.0 = Debug|Any CPU
		{951C912B-E9B2-4941-BE18-C5125FC0D9E6}.Release|Any CPU.ActiveCfg = Release|Any CPU
		{951C912B-E9B2-4941-BE18-C5125FC0D9E6}.Release|Any CPU.Build.0 = Release|Any CPU
		{DF3051A8-F894-487E-9D7F-3E99EA604105}.Debug|Any CPU.ActiveCfg = Debug|Any CPU
		{DF3051A8-F894-487E-9D7F-3E99EA604105}.Debug|Any CPU.Build.0 = Debug|Any CPU
		{DF3051A8-F894-487E-9D7F-3E99EA604105}.Release|Any CPU.ActiveCfg = Release|Any CPU
		{DF3051A8-F894-487E-9D7F-3E99EA604105}.Release|Any CPU.Build.0 = Release|Any CPU
		{13C4903D-946E-40AA-B838-7BBD2BC2B0A9}.Debug|Any CPU.ActiveCfg = Debug|Any CPU
		{13C4903D-946E-40AA-B838-7BBD2BC2B0A9}.Debug|Any CPU.Build.0 = Debug|Any CPU
		{13C4903D-946E-40AA-B838-7BBD2BC2B0A9}.Release|Any CPU.ActiveCfg = Release|Any CPU
		{13C4903D-946E-40AA-B838-7BBD2BC2B0A9}.Release|Any CPU.Build.0 = Release|Any CPU
		{D6C29B46-5A92-443F-95CC-6061648EBA49}.Debug|Any CPU.ActiveCfg = Debug|Any CPU
		{D6C29B46-5A92-443F-95CC-6061648EBA49}.Debug|Any CPU.Build.0 = Debug|Any CPU
		{D6C29B46-5A92-443F-95CC-6061648EBA49}.Release|Any CPU.ActiveCfg = Release|Any CPU
		{D6C29B46-5A92-443F-95CC-6061648EBA49}.Release|Any CPU.Build.0 = Release|Any CPU
		{3E07F9FB-8272-4D6A-95D5-70CDC60913F0}.Debug|Any CPU.ActiveCfg = Debug|Any CPU
		{3E07F9FB-8272-4D6A-95D5-70CDC60913F0}.Debug|Any CPU.Build.0 = Debug|Any CPU
		{3E07F9FB-8272-4D6A-95D5-70CDC60913F0}.Release|Any CPU.ActiveCfg = Release|Any CPU
		{3E07F9FB-8272-4D6A-95D5-70CDC60913F0}.Release|Any CPU.Build.0 = Release|Any CPU
		{7E240AFA-8C3A-4060-A071-468D063E85F2}.Debug|Any CPU.ActiveCfg = Debug|Any CPU
		{7E240AFA-8C3A-4060-A071-468D063E85F2}.Debug|Any CPU.Build.0 = Debug|Any CPU
		{7E240AFA-8C3A-4060-A071-468D063E85F2}.Release|Any CPU.ActiveCfg = Release|Any CPU
		{7E240AFA-8C3A-4060-A071-468D063E85F2}.Release|Any CPU.Build.0 = Release|Any CPU
		{83BAC377-BE1E-449F-996C-F0EABB559639}.Debug|Any CPU.ActiveCfg = Debug|Any CPU
		{83BAC377-BE1E-449F-996C-F0EABB559639}.Debug|Any CPU.Build.0 = Debug|Any CPU
		{83BAC377-BE1E-449F-996C-F0EABB559639}.Release|Any CPU.ActiveCfg = Release|Any CPU
		{83BAC377-BE1E-449F-996C-F0EABB559639}.Release|Any CPU.Build.0 = Release|Any CPU
		{28E28515-A3EF-4EE9-88DB-5D6FF6CE64C2}.Debug|Any CPU.ActiveCfg = Debug|Any CPU
		{28E28515-A3EF-4EE9-88DB-5D6FF6CE64C2}.Debug|Any CPU.Build.0 = Debug|Any CPU
		{28E28515-A3EF-4EE9-88DB-5D6FF6CE64C2}.Release|Any CPU.ActiveCfg = Release|Any CPU
		{28E28515-A3EF-4EE9-88DB-5D6FF6CE64C2}.Release|Any CPU.Build.0 = Release|Any CPU
		{B77AE69E-EB2A-48F2-8C0B-E3B989E2C320}.Debug|Any CPU.ActiveCfg = Debug|Any CPU
		{B77AE69E-EB2A-48F2-8C0B-E3B989E2C320}.Debug|Any CPU.Build.0 = Debug|Any CPU
		{B77AE69E-EB2A-48F2-8C0B-E3B989E2C320}.Release|Any CPU.ActiveCfg = Release|Any CPU
		{B77AE69E-EB2A-48F2-8C0B-E3B989E2C320}.Release|Any CPU.Build.0 = Release|Any CPU
		{1685ADB9-33AB-4127-A0AB-8A80438069DE}.Debug|Any CPU.ActiveCfg = Debug|Any CPU
		{1685ADB9-33AB-4127-A0AB-8A80438069DE}.Debug|Any CPU.Build.0 = Debug|Any CPU
		{1685ADB9-33AB-4127-A0AB-8A80438069DE}.Release|Any CPU.ActiveCfg = Release|Any CPU
		{1685ADB9-33AB-4127-A0AB-8A80438069DE}.Release|Any CPU.Build.0 = Release|Any CPU
		{7A532536-462B-4511-B275-D6C45EA5B10A}.Debug|Any CPU.ActiveCfg = Debug|Any CPU
		{7A532536-462B-4511-B275-D6C45EA5B10A}.Debug|Any CPU.Build.0 = Debug|Any CPU
		{7A532536-462B-4511-B275-D6C45EA5B10A}.Release|Any CPU.ActiveCfg = Release|Any CPU
		{7A532536-462B-4511-B275-D6C45EA5B10A}.Release|Any CPU.Build.0 = Release|Any CPU
		{9377B76E-D9E2-4490-954E-AED4BE4D45D4}.Debug|Any CPU.ActiveCfg = Debug|Any CPU
		{9377B76E-D9E2-4490-954E-AED4BE4D45D4}.Debug|Any CPU.Build.0 = Debug|Any CPU
		{9377B76E-D9E2-4490-954E-AED4BE4D45D4}.Release|Any CPU.ActiveCfg = Release|Any CPU
		{9377B76E-D9E2-4490-954E-AED4BE4D45D4}.Release|Any CPU.Build.0 = Release|Any CPU
		{04548886-8BC7-432C-AF0F-36B69E74AFB1}.Debug|Any CPU.ActiveCfg = Debug|Any CPU
		{04548886-8BC7-432C-AF0F-36B69E74AFB1}.Debug|Any CPU.Build.0 = Debug|Any CPU
		{04548886-8BC7-432C-AF0F-36B69E74AFB1}.Release|Any CPU.ActiveCfg = Release|Any CPU
		{04548886-8BC7-432C-AF0F-36B69E74AFB1}.Release|Any CPU.Build.0 = Release|Any CPU
		{83DCEF96-46FD-4033-BED8-06AA6C48A93C}.Debug|Any CPU.ActiveCfg = Debug|Any CPU
		{83DCEF96-46FD-4033-BED8-06AA6C48A93C}.Debug|Any CPU.Build.0 = Debug|Any CPU
		{83DCEF96-46FD-4033-BED8-06AA6C48A93C}.Release|Any CPU.ActiveCfg = Release|Any CPU
		{83DCEF96-46FD-4033-BED8-06AA6C48A93C}.Release|Any CPU.Build.0 = Release|Any CPU
		{4E485AEE-B32F-496E-93FC-C0487D8DEDD5}.Debug|Any CPU.ActiveCfg = Debug|Any CPU
		{4E485AEE-B32F-496E-93FC-C0487D8DEDD5}.Debug|Any CPU.Build.0 = Debug|Any CPU
		{4E485AEE-B32F-496E-93FC-C0487D8DEDD5}.Release|Any CPU.ActiveCfg = Release|Any CPU
		{4E485AEE-B32F-496E-93FC-C0487D8DEDD5}.Release|Any CPU.Build.0 = Release|Any CPU
		{AD4BFFEF-82F0-4525-8B3C-7595C94262D2}.Debug|Any CPU.ActiveCfg = Debug|Any CPU
		{AD4BFFEF-82F0-4525-8B3C-7595C94262D2}.Debug|Any CPU.Build.0 = Debug|Any CPU
		{AD4BFFEF-82F0-4525-8B3C-7595C94262D2}.Release|Any CPU.ActiveCfg = Release|Any CPU
		{AD4BFFEF-82F0-4525-8B3C-7595C94262D2}.Release|Any CPU.Build.0 = Release|Any CPU
		{4945D68A-59E2-47EA-9E5E-CCAC185B23CB}.Debug|Any CPU.ActiveCfg = Debug|Any CPU
		{4945D68A-59E2-47EA-9E5E-CCAC185B23CB}.Debug|Any CPU.Build.0 = Debug|Any CPU
		{4945D68A-59E2-47EA-9E5E-CCAC185B23CB}.Release|Any CPU.ActiveCfg = Release|Any CPU
		{4945D68A-59E2-47EA-9E5E-CCAC185B23CB}.Release|Any CPU.Build.0 = Release|Any CPU
		{B7B93AE2-3DFA-4906-BF5E-EB7B8E766613}.Debug|Any CPU.ActiveCfg = Debug|Any CPU
		{B7B93AE2-3DFA-4906-BF5E-EB7B8E766613}.Debug|Any CPU.Build.0 = Debug|Any CPU
		{B7B93AE2-3DFA-4906-BF5E-EB7B8E766613}.Release|Any CPU.ActiveCfg = Release|Any CPU
		{B7B93AE2-3DFA-4906-BF5E-EB7B8E766613}.Release|Any CPU.Build.0 = Release|Any CPU
		{599EC60C-EA63-48FF-A9FC-D1B3050B48F2}.Debug|Any CPU.ActiveCfg = Debug|Any CPU
		{599EC60C-EA63-48FF-A9FC-D1B3050B48F2}.Debug|Any CPU.Build.0 = Debug|Any CPU
		{599EC60C-EA63-48FF-A9FC-D1B3050B48F2}.Release|Any CPU.ActiveCfg = Release|Any CPU
		{599EC60C-EA63-48FF-A9FC-D1B3050B48F2}.Release|Any CPU.Build.0 = Release|Any CPU
		{585E2D54-E736-4C11-8084-64A71C5ED7CF}.Debug|Any CPU.ActiveCfg = Debug|Any CPU
		{585E2D54-E736-4C11-8084-64A71C5ED7CF}.Debug|Any CPU.Build.0 = Debug|Any CPU
		{585E2D54-E736-4C11-8084-64A71C5ED7CF}.Release|Any CPU.ActiveCfg = Release|Any CPU
		{585E2D54-E736-4C11-8084-64A71C5ED7CF}.Release|Any CPU.Build.0 = Release|Any CPU
	EndGlobalSection
	GlobalSection(SolutionProperties) = preSolution
		HideSolutionNode = FALSE
	EndGlobalSection
	GlobalSection(NestedProjects) = preSolution
		{8FE01FF7-515C-448A-A549-EE56080BE1BA} = {B483712F-241C-411F-8CC7-D46B3530DF65}
		{2343237C-031B-4896-9958-57519E455DE1} = {B483712F-241C-411F-8CC7-D46B3530DF65}
		{1F7349F4-ACAB-4DAC-8476-71736E65FE41} = {B483712F-241C-411F-8CC7-D46B3530DF65}
		{713526B9-1FE5-409E-8754-11B8B50E3BC1} = {B483712F-241C-411F-8CC7-D46B3530DF65}
		{951C912B-E9B2-4941-BE18-C5125FC0D9E6} = {DF5FFD7D-3020-4F80-87EF-BE2D2CACD27E}
		{DF3051A8-F894-487E-9D7F-3E99EA604105} = {B483712F-241C-411F-8CC7-D46B3530DF65}
		{13C4903D-946E-40AA-B838-7BBD2BC2B0A9} = {B483712F-241C-411F-8CC7-D46B3530DF65}
		{D6C29B46-5A92-443F-95CC-6061648EBA49} = {B483712F-241C-411F-8CC7-D46B3530DF65}
		{3E07F9FB-8272-4D6A-95D5-70CDC60913F0} = {B483712F-241C-411F-8CC7-D46B3530DF65}
		{7E240AFA-8C3A-4060-A071-468D063E85F2} = {B483712F-241C-411F-8CC7-D46B3530DF65}
		{83BAC377-BE1E-449F-996C-F0EABB559639} = {B483712F-241C-411F-8CC7-D46B3530DF65}
		{28E28515-A3EF-4EE9-88DB-5D6FF6CE64C2} = {B483712F-241C-411F-8CC7-D46B3530DF65}
		{B77AE69E-EB2A-48F2-8C0B-E3B989E2C320} = {B483712F-241C-411F-8CC7-D46B3530DF65}
		{1685ADB9-33AB-4127-A0AB-8A80438069DE} = {B483712F-241C-411F-8CC7-D46B3530DF65}
		{7A532536-462B-4511-B275-D6C45EA5B10A} = {B483712F-241C-411F-8CC7-D46B3530DF65}
		{9377B76E-D9E2-4490-954E-AED4BE4D45D4} = {B483712F-241C-411F-8CC7-D46B3530DF65}
		{04548886-8BC7-432C-AF0F-36B69E74AFB1} = {B483712F-241C-411F-8CC7-D46B3530DF65}
		{83DCEF96-46FD-4033-BED8-06AA6C48A93C} = {B483712F-241C-411F-8CC7-D46B3530DF65}
		{4E485AEE-B32F-496E-93FC-C0487D8DEDD5} = {DF5FFD7D-3020-4F80-87EF-BE2D2CACD27E}
		{AD4BFFEF-82F0-4525-8B3C-7595C94262D2} = {B483712F-241C-411F-8CC7-D46B3530DF65}
		{4945D68A-59E2-47EA-9E5E-CCAC185B23CB} = {B483712F-241C-411F-8CC7-D46B3530DF65}
		{B7B93AE2-3DFA-4906-BF5E-EB7B8E766613} = {B483712F-241C-411F-8CC7-D46B3530DF65}
		{599EC60C-EA63-48FF-A9FC-D1B3050B48F2} = {B483712F-241C-411F-8CC7-D46B3530DF65}
		{585E2D54-E736-4C11-8084-64A71C5ED7CF} = {B483712F-241C-411F-8CC7-D46B3530DF65}
	EndGlobalSection
	GlobalSection(ExtensibilityGlobals) = postSolution
		SolutionGuid = {EF9223F3-B20E-4F63-A894-F1B3F66280AD}
	EndGlobalSection
EndGlobal
